
Microsoft Visual Studio Solution File, Format Version 12.00
# Visual Studio Version 16
VisualStudioVersion = 16.0.30204.135
MinimumVisualStudioVersion = 10.0.40219.1
Project("{FAE04EC0-301F-11D3-BF4B-00C04F79EFBC}") = "BlazorCheckboxGroup", "BlazorCheckboxGroup.csproj", "{FEBEAF81-F099-4E4D-B8AD-CCF2211161D0}"
EndProject
Global
	GlobalSection(SolutionConfigurationPlatforms) = preSolution
		Debug|Any CPU = Debug|Any CPU
		Release|Any CPU = Release|Any CPU
	EndGlobalSection
	GlobalSection(ProjectConfigurationPlatforms) = postSolution
		{FEBEAF81-F099-4E4D-B8AD-CCF2211161D0}.Debug|Any CPU.ActiveCfg = Debug|Any CPU
		{FEBEAF81-F099-4E4D-B8AD-CCF2211161D0}.Debug|Any CPU.Build.0 = Debug|Any CPU
		{FEBEAF81-F099-4E4D-B8AD-CCF2211161D0}.Release|Any CPU.ActiveCfg = Release|Any CPU
		{FEBEAF81-F099-4E4D-B8AD-CCF2211161D0}.Release|Any CPU.Build.0 = Release|Any CPU
	EndGlobalSection
	GlobalSection(SolutionProperties) = preSolution
		HideSolutionNode = FALSE
	EndGlobalSection
	GlobalSection(ExtensibilityGlobals) = postSolution
		SolutionGuid = {A0AFD3E7-5F32-4678-81A2-C1DADD9DB3B6}
	EndGlobalSection
EndGlobal
